{
    "name": "vscode-crux-llvm-server",
    "version": "1.0.0",
    "lockfileVersion": 1,
    "requires": true,
    "dependencies": {
        "@types/command-exists": {
            "version": "1.2.0",
            "resolved": "https://registry.npmjs.org/@types/command-exists/-/command-exists-1.2.0.tgz",
            "integrity": "sha512-ugsxEJfsCuqMLSuCD4PIJkp5Uk2z6TCMRCgYVuhRo5cYQY3+1xXTQkSlPtkpGHuvWMjS2KTeVQXxkXRACMbM6A==",
            "dev": true
        },
        "@types/debounce": {
            "version": "1.2.0",
            "resolved": "https://registry.npmjs.org/@types/debounce/-/debounce-1.2.0.tgz",
            "integrity": "sha512-bWG5wapaWgbss9E238T0R6bfo5Fh3OkeoSt245CM7JJwVwpw6MEBCbIxLq5z8KzsE3uJhzcIuQkyiZmzV3M/Dw==",
            "dev": true
        },
        "command-exists": {
            "version": "1.2.9",
            "resolved": "https://registry.npmjs.org/command-exists/-/command-exists-1.2.9.tgz",
            "integrity": "sha512-LTQ/SGc+s0Xc0Fu5WaKnR0YiygZkm9eKFvyS+fRsU7/ZWFF8ykFM6Pc9aCVf1+xasOOZpO3BAVgVrKvsqKHV7w=="
        },
        "debounce": {
            "version": "1.2.0",
            "resolved": "https://registry.npmjs.org/debounce/-/debounce-1.2.0.tgz",
            "integrity": "sha512-mYtLl1xfZLi1m4RtQYlZgJUNQjl4ZxVnHzIR8nLLgi4q1YT8o/WM+MK/f8yfcc9s5Ir5zRaPZyZU6xs1Syoocg=="
        },
        "vscode-jsonrpc": {
            "version": "5.0.1",
            "resolved": "https://registry.npmjs.org/vscode-jsonrpc/-/vscode-jsonrpc-5.0.1.tgz",
            "integrity": "sha512-JvONPptw3GAQGXlVV2utDcHx0BiY34FupW/kI6mZ5x06ER5DdPG/tXWMVHjTNULF5uKPOUUD0SaXg5QaubJL0A=="
        },
        "vscode-languageserver": {
            "version": "6.1.1",
            "resolved": "https://registry.npmjs.org/vscode-languageserver/-/vscode-languageserver-6.1.1.tgz",
            "integrity": "sha512-DueEpkUAkD5XTR4MLYNr6bQIp/UFR0/IPApgXU3YfCBCB08u2sm9hRCs6DxYZELkk++STPjpcjksR2H8qI3cDQ==",
            "requires": {
                "vscode-languageserver-protocol": "^3.15.3"
            }
        },
        "vscode-languageserver-protocol": {
            "version": "3.15.3",
            "resolved": "https://registry.npmjs.org/vscode-languageserver-protocol/-/vscode-languageserver-protocol-3.15.3.tgz",
            "integrity": "sha512-zrMuwHOAQRhjDSnflWdJG+O2ztMWss8GqUUB8dXLR/FPenwkiBNkMIJJYfSN6sgskvsF0rHAoBowNQfbyZnnvw==",
            "requires": {
                "vscode-jsonrpc": "^5.0.1",
                "vscode-languageserver-types": "3.15.1"
            }
        },
        "vscode-languageserver-types": {
            "version": "3.15.1",
            "resolved": "https://registry.npmjs.org/vscode-languageserver-types/-/vscode-languageserver-types-3.15.1.tgz",
            "integrity": "sha512-+a9MPUQrNGRrGU630OGbYVQ+11iOIovjCkqxajPa9w57Sd5ruK8WQNsslzpa0x/QJqC8kRc2DUxWjIFwoNm4ZQ=="
        }
    }
}
